
Microsoft Visual Studio Solution File, Format Version 12.00
# Visual Studio Version 16
VisualStudioVersion = 16.0.32126.315
MinimumVisualStudioVersion = 10.0.40219.1
Project("{FAE04EC0-301F-11D3-BF4B-00C04F79EFBC}") = "DemoEmployees.MVC", "DemoEmployees.MVC\DemoEmployees.MVC.csproj", "{F3425DFC-DE7D-4215-9467-8BF9C8151D41}"
EndProject
Global
	GlobalSection(SolutionConfigurationPlatforms) = preSolution
		Debug|Any CPU = Debug|Any CPU
		Release|Any CPU = Release|Any CPU
	EndGlobalSection
	GlobalSection(ProjectConfigurationPlatforms) = postSolution
		{F3425DFC-DE7D-4215-9467-8BF9C8151D41}.Debug|Any CPU.ActiveCfg = Debug|Any CPU
		{F3425DFC-DE7D-4215-9467-8BF9C8151D41}.Debug|Any CPU.Build.0 = Debug|Any CPU
		{F3425DFC-DE7D-4215-9467-8BF9C8151D41}.Release|Any CPU.ActiveCfg = Release|Any CPU
		{F3425DFC-DE7D-4215-9467-8BF9C8151D41}.Release|Any CPU.Build.0 = Release|Any CPU
	EndGlobalSection
	GlobalSection(SolutionProperties) = preSolution
		HideSolutionNode = FALSE
	EndGlobalSection
	GlobalSection(ExtensibilityGlobals) = postSolution
		SolutionGuid = {01A3ABF5-4ECB-4773-8628-9C6B6E0CF6D3}
	EndGlobalSection
EndGlobal
